{
  "name": "wavespeed-cli",
  "version": "0.1.0",
  "lockfileVersion": 3,
  "requires": true,
  "packages": {
    "": {
      "name": "wavespeed-cli",
      "version": "0.1.0",
      "dependencies": {
        "commander": "^13.0.0",
        "wavespeed": "latest"
      },
      "bin": {
        "wavespeed": "bin/wavespeed.mjs"
      }
    },
    "node_modules/commander": {
      "version": "13.1.0",
      "resolved": "https://registry.npmjs.org/commander/-/commander-13.1.0.tgz",
      "integrity": "sha512-/rFeCpNJQbhSZjGVwO9RFV3xPqbnERS8MmIQzCtD/zl6gpJuV/bMLuN92oG3F7d8oDEHHRrujSXNUr8fpjntKw==",
      "license": "MIT",
      "engines": {
        "node": ">=18"
      }
    },
    "node_modules/wavespeed": {
      "version": "0.2.3",
      "resolved": "https://registry.npmjs.org/wavespeed/-/wavespeed-0.2.3.tgz",
      "integrity": "sha512-rj+9Qvklx4KzovSGQ17oF6MznmZqujdoXi1ralSIRvKrWLKyicArL9rkFFZl1F5uEHgQCFOCSUF7cPG2pJEnnA==",
      "license": "MIT"
    }
  }
}
